
Microsoft Visual Studio Solution File, Format Version 12.00
# Visual Studio Version 16
VisualStudioVersion = 16.0.32602.291
MinimumVisualStudioVersion = 10.0.40219.1
Project("{FAE04EC0-301F-11D3-BF4B-00C04F79EFBC}") = "Task", "Task\Task.csproj", "{703034DF-250C-438D-84AA-C02D25D8BB1D}"
EndProject
Global
	GlobalSection(SolutionConfigurationPlatforms) = preSolution
		Debug|Any CPU = Debug|Any CPU
		Release|Any CPU = Release|Any CPU
	EndGlobalSection
	GlobalSection(ProjectConfigurationPlatforms) = postSolution
		{703034DF-250C-438D-84AA-C02D25D8BB1D}.Debug|Any CPU.ActiveCfg = Debug|Any CPU
		{703034DF-250C-438D-84AA-C02D25D8BB1D}.Debug|Any CPU.Build.0 = Debug|Any CPU
		{703034DF-250C-438D-84AA-C02D25D8BB1D}.Release|Any CPU.ActiveCfg = Release|Any CPU
		{703034DF-250C-438D-84AA-C02D25D8BB1D}.Release|Any CPU.Build.0 = Release|Any CPU
	EndGlobalSection
	GlobalSection(SolutionProperties) = preSolution
		HideSolutionNode = FALSE
	EndGlobalSection
	GlobalSection(ExtensibilityGlobals) = postSolution
		SolutionGuid = {51626336-346C-4707-98F0-80D6214A9BA9}
	EndGlobalSection
EndGlobal
